
Microsoft Visual Studio Solution File, Format Version 12.00
# Visual Studio Version 17
VisualStudioVersion = 17.14.36221.1
MinimumVisualStudioVersion = 10.0.40219.1
Project("{FAE04EC0-301F-11D3-BF4B-00C04F79EFBC}") = "Assistance", "Assistance\Assistance.csproj", "{A5084F96-D53E-EF98-593A-972AA5B0FD27}"
EndProject
Project("{E53339B2-1760-4266-BCC7-CA923CBCF16C}") = "docker-compose", "docker-compose.dcproj", "{81DDED9D-158B-E303-5F62-77A2896D2A5A}"
EndProject
Project("{FAE04EC0-301F-11D3-BF4B-00C04F79EFBC}") = "AssistanceAPI", "AssistanceAPI\AssistanceAPI.csproj", "{1BDC45AE-9238-474E-B69F-BDA712E6A373}"
EndProject
Project("{FAE04EC0-301F-11D3-BF4B-00C04F79EFBC}") = "AssistanceHandler", "AssistanceHandler\AssistanceHandler.csproj", "{87608BAE-ACD5-4F8D-9D25-9876367E8872}"
EndProject
Project("{FAE04EC0-301F-11D3-BF4B-00C04F79EFBC}") = "AssistanceService", "AssistanceService\AssistanceService.csproj", "{504CA9BD-D5DF-AD95-7E4E-BAED1D8F270C}"
EndProject
Global
	GlobalSection(SolutionConfigurationPlatforms) = preSolution
		Debug|Any CPU = Debug|Any CPU
		Release|Any CPU = Release|Any CPU
	EndGlobalSection
	GlobalSection(ProjectConfigurationPlatforms) = postSolution
		{A5084F96-D53E-EF98-593A-972AA5B0FD27}.Debug|Any CPU.ActiveCfg = Debug|Any CPU
		{A5084F96-D53E-EF98-593A-972AA5B0FD27}.Debug|Any CPU.Build.0 = Debug|Any CPU
		{A5084F96-D53E-EF98-593A-972AA5B0FD27}.Release|Any CPU.ActiveCfg = Release|Any CPU
		{A5084F96-D53E-EF98-593A-972AA5B0FD27}.Release|Any CPU.Build.0 = Release|Any CPU
		{81DDED9D-158B-E303-5F62-77A2896D2A5A}.Debug|Any CPU.ActiveCfg = Debug|Any CPU
		{81DDED9D-158B-E303-5F62-77A2896D2A5A}.Debug|Any CPU.Build.0 = Debug|Any CPU
		{81DDED9D-158B-E303-5F62-77A2896D2A5A}.Release|Any CPU.ActiveCfg = Release|Any CPU
		{81DDED9D-158B-E303-5F62-77A2896D2A5A}.Release|Any CPU.Build.0 = Release|Any CPU
		{1BDC45AE-9238-474E-B69F-BDA712E6A373}.Debug|Any CPU.ActiveCfg = Debug|Any CPU
		{1BDC45AE-9238-474E-B69F-BDA712E6A373}.Debug|Any CPU.Build.0 = Debug|Any CPU
		{1BDC45AE-9238-474E-B69F-BDA712E6A373}.Release|Any CPU.ActiveCfg = Release|Any CPU
		{1BDC45AE-9238-474E-B69F-BDA712E6A373}.Release|Any CPU.Build.0 = Release|Any CPU
		{87608BAE-ACD5-4F8D-9D25-9876367E8872}.Debug|Any CPU.ActiveCfg = Debug|Any CPU
		{87608BAE-ACD5-4F8D-9D25-9876367E8872}.Debug|Any CPU.Build.0 = Debug|Any CPU
		{87608BAE-ACD5-4F8D-9D25-9876367E8872}.Release|Any CPU.ActiveCfg = Release|Any CPU
		{87608BAE-ACD5-4F8D-9D25-9876367E8872}.Release|Any CPU.Build.0 = Release|Any CPU
		{504CA9BD-D5DF-AD95-7E4E-BAED1D8F270C}.Debug|Any CPU.ActiveCfg = Debug|Any CPU
		{504CA9BD-D5DF-AD95-7E4E-BAED1D8F270C}.Debug|Any CPU.Build.0 = Debug|Any CPU
		{504CA9BD-D5DF-AD95-7E4E-BAED1D8F270C}.Release|Any CPU.ActiveCfg = Release|Any CPU
		{504CA9BD-D5DF-AD95-7E4E-BAED1D8F270C}.Release|Any CPU.Build.0 = Release|Any CPU
	EndGlobalSection
	GlobalSection(SolutionProperties) = preSolution
		HideSolutionNode = FALSE
	EndGlobalSection
	GlobalSection(ExtensibilityGlobals) = postSolution
		SolutionGuid = {36275954-0949-45EC-8FAA-0120CF852151}
	EndGlobalSection
EndGlobal
